
Microsoft Visual Studio Solution File, Format Version 12.00
# Visual Studio 15
VisualStudioVersion = 15.0.28307.757
MinimumVisualStudioVersion = 10.0.40219.1
Project("{FAE04EC0-301F-11D3-BF4B-00C04F79EFBC}") = "operator-morena", "operator-morena\operator-morena.csproj", "{298DB15D-060B-4A24-A311-C4996B0E786D}"
EndProject
Project("{54435603-DBB4-11D2-8724-00A0C9A8B90C}") = "OperatorMorena", "OperatorMorena\OperatorMorena.vdproj", "{8F6A8611-06D2-47B7-A4B7-7A58E652373E}"
EndProject
Global
	GlobalSection(SolutionConfigurationPlatforms) = preSolution
		Debug|Any CPU = Debug|Any CPU
		Release|Any CPU = Release|Any CPU
	EndGlobalSection
	GlobalSection(ProjectConfigurationPlatforms) = postSolution
		{298DB15D-060B-4A24-A311-C4996B0E786D}.Debug|Any CPU.ActiveCfg = Debug|Any CPU
		{298DB15D-060B-4A24-A311-C4996B0E786D}.Debug|Any CPU.Build.0 = Debug|Any CPU
		{298DB15D-060B-4A24-A311-C4996B0E786D}.Release|Any CPU.ActiveCfg = Release|Any CPU
		{298DB15D-060B-4A24-A311-C4996B0E786D}.Release|Any CPU.Build.0 = Release|Any CPU
		{8F6A8611-06D2-47B7-A4B7-7A58E652373E}.Debug|Any CPU.ActiveCfg = Debug
		{8F6A8611-06D2-47B7-A4B7-7A58E652373E}.Release|Any CPU.ActiveCfg = Release
	EndGlobalSection
	GlobalSection(SolutionProperties) = preSolution
		HideSolutionNode = FALSE
	EndGlobalSection
	GlobalSection(ExtensibilityGlobals) = postSolution
		SolutionGuid = {E1508E93-8760-4478-BA3F-C469C23BF3F2}
	EndGlobalSection
EndGlobal
